
Microsoft Visual Studio Solution File, Format Version 12.00
# Visual Studio 15
VisualStudioVersion = 15.0.28307.2092
MinimumVisualStudioVersion = 10.0.40219.1
Project("{8BC9CEB8-8B4A-11D0-8D11-00A0C91BC942}") = "HW1-4", "HW1-4\HW1-4.vcxproj", "{231E2743-EF67-46D6-A84D-7EA05542779C}"
EndProject
Global
	GlobalSection(SolutionConfigurationPlatforms) = preSolution
		Debug|x64 = Debug|x64
		Debug|x86 = Debug|x86
		Release|x64 = Release|x64
		Release|x86 = Release|x86
	EndGlobalSection
	GlobalSection(ProjectConfigurationPlatforms) = postSolution
		{231E2743-EF67-46D6-A84D-7EA05542779C}.Debug|x64.ActiveCfg = Debug|x64
		{231E2743-EF67-46D6-A84D-7EA05542779C}.Debug|x64.Build.0 = Debug|x64
		{231E2743-EF67-46D6-A84D-7EA05542779C}.Debug|x86.ActiveCfg = Debug|Win32
		{231E2743-EF67-46D6-A84D-7EA05542779C}.Debug|x86.Build.0 = Debug|Win32
		{231E2743-EF67-46D6-A84D-7EA05542779C}.Release|x64.ActiveCfg = Release|x64
		{231E2743-EF67-46D6-A84D-7EA05542779C}.Release|x64.Build.0 = Release|x64
		{231E2743-EF67-46D6-A84D-7EA05542779C}.Release|x86.ActiveCfg = Release|Win32
		{231E2743-EF67-46D6-A84D-7EA05542779C}.Release|x86.Build.0 = Release|Win32
	EndGlobalSection
	GlobalSection(SolutionProperties) = preSolution
		HideSolutionNode = FALSE
	EndGlobalSection
	GlobalSection(ExtensibilityGlobals) = postSolution
		SolutionGuid = {DF4FDECC-E643-4320-A37E-26F050F35DBB}
	EndGlobalSection
EndGlobal
